<?xml version="1.0" encoding="utf-8"?>
<Project ToolsVersion="4.0" xmlns="http://schemas.microsoft.com/developer/msbuild/2003">
  <ItemGroup>
    <Filter Include="Source Files">
      <UniqueIdentifier>{4FC737F1-C7A5-4376-A066-2A32D752A2FF}</UniqueIdentifier>
      <Extensions>cpp;c;cc;cxx;def;odl;idl;hpj;bat;asm;asmx</Extensions>
    </Filter>
    <Filter Include="Header Files">
      <UniqueIdentifier>{93995380-89BD-4b04-88EB-625FBE52EBFB}</UniqueIdentifier>
      <Extensions>h;hh;hpp;hxx;hm;inl;inc;ipp;xsd</Extensions>
    </Filter>
    <Filter Include="Resource Files">
      <UniqueIdentifier>{67DA6AB6-F800-4c08-8B7A-83BB121AAD01}</UniqueIdentifier>
      <Extensions>rc;ico;cur;bmp;dlg;rc2;rct;bin;rgs;gif;jpg;jpeg;jpe;resx;tiff;tif;png;wav;mfcribbon-ms</Extensions>
    </Filter>
  </ItemGroup>
  <ItemGroup>
    <ClInclude Include="Engine\Core\Debugger.hpp">
      <Filter>Header Files</Filter>
    </ClInclude>
    <ClInclude Include="Engine\Common.hpp">
      <Filter>Header Files</Filter>
    </ClInclude>
    <ClInclude Include="Engine\Physics\Overlap.hpp">
      <Filter>Header Files</Filter>
    </ClInclude>
    <ClInclude Include="Engine\General\Macros.hpp">
      <Filter>Header Files</Filter>
    </ClInclude>
    <ClInclude Include="Engine\General\Types.hpp">
      <Filter>Header Files</Filter>
    </ClInclude>
    <ClInclude Include="Engine\General\Math.hpp">
      <Filter>Header Files</Filter>
    </ClInclude>
    <ClInclude Include="Engine\Core\Window.hpp">
      <Filter>Header Files</Filter>
    </ClInclude>
    <ClInclude Include="Engine\Core\Timer.hpp">
      <Filter>Header Files</Filter>
    </ClInclude>
    <ClInclude Include="Engine\Game.hpp">
      <Filter>Header Files</Filter>
    </ClInclude>
    <ClInclude Include="Engine\Mouse.hpp">
      <Filter>Header Files</Filter>
    </ClInclude>
    <ClInclude Include="Engine\Keyboard.hpp">
      <Filter>Header Files</Filter>
    </ClInclude>
    <ClInclude Include="Engine\Button.hpp">
      <Filter>Header Files</Filter>
    </ClInclude>
    <ClInclude Include="Engine\Core\SystemEvents.hpp">
      <Filter>Header Files</Filter>
    </ClInclude>
    <ClInclude Include="Engine\General\Serialization.hpp">
      <Filter>Header Files</Filter>
    </ClInclude>
    <ClInclude Include="Engine\Objects\ObjectIndex.hpp">
      <Filter>Header Files</Filter>
    </ClInclude>
    <ClInclude Include="Engine\Objects\Entity.hpp">
      <Filter>Header Files</Filter>
    </ClInclude>
    <ClInclude Include="Engine\Objects\ScriptableObject.hpp">
      <Filter>Header Files</Filter>
    </ClInclude>
    <ClInclude Include="Engine\Objects\EntityFactory.hpp">
      <Filter>Header Files</Filter>
    </ClInclude>
    <ClInclude Include="Engine\Objects\JsonToObjectLoader.hpp">
      <Filter>Header Files</Filter>
    </ClInclude>
    <ClInclude Include="Engine\Core\LevelManager.hpp">
      <Filter>Header Files</Filter>
    </ClInclude>
    <ClInclude Include="Engine\Core\Level.hpp">
      <Filter>Header Files</Filter>
    </ClInclude>
  </ItemGroup>
  <ItemGroup>
    <ClCompile Include="Engine\Core\Debugger.cpp">
      <Filter>Source Files</Filter>
    </ClCompile>
    <ClCompile Include="Engine\Physics\Overlap.cpp">
      <Filter>Source Files</Filter>
    </ClCompile>
    <ClCompile Include="Engine\General\Math.cpp">
      <Filter>Source Files</Filter>
    </ClCompile>
    <ClCompile Include="Engine\Core\Window.cpp">
      <Filter>Source Files</Filter>
    </ClCompile>
    <ClCompile Include="Engine\Core\Timer.cpp">
      <Filter>Source Files</Filter>
    </ClCompile>
    <ClCompile Include="Engine\Game.cpp">
      <Filter>Source Files</Filter>
    </ClCompile>
    <ClCompile Include="Engine\Keyboard.cpp">
      <Filter>Source Files</Filter>
    </ClCompile>
    <ClCompile Include="Engine\Mouse.cpp">
      <Filter>Source Files</Filter>
    </ClCompile>
    <ClCompile Include="Engine\Core\SystemEvents.cpp">
      <Filter>Source Files</Filter>
    </ClCompile>
    <ClCompile Include="Engine\Objects\ObjectIndex.cpp">
      <Filter>Source Files</Filter>
    </ClCompile>
    <ClCompile Include="Engine\Objects\Entity.cpp">
      <Filter>Source Files</Filter>
    </ClCompile>
    <ClCompile Include="Engine\Objects\ScriptableObject.cpp">
      <Filter>Source Files</Filter>
    </ClCompile>
    <ClCompile Include="Engine\Objects\EntityFactory.cpp">
      <Filter>Source Files</Filter>
    </ClCompile>
    <ClCompile Include="Engine\Core\LevelManager.cpp">
      <Filter>Source Files</Filter>
    </ClCompile>
    <ClCompile Include="Engine\Core\Level.cpp">
      <Filter>Source Files</Filter>
    </ClCompile>
  </ItemGroup>
</Project>