<?xml version="1.0" encoding="utf-8"?>
<Project ToolsVersion="4.0" xmlns="http://schemas.microsoft.com/developer/msbuild/2003">
  <ItemGroup>
    <ClCompile Include="Engine\Battle\BTPlayer.cpp" />
    <ClCompile Include="Engine\Battle\BattleManager.cpp" />
    <ClCompile Include="Engine\Core\Debugger.cpp" />
    <ClCompile Include="Engine\Core\Level.cpp" />
    <ClCompile Include="Engine\Core\LevelManager.cpp" />
    <ClCompile Include="Engine\Objects\Component.cpp" />
    <ClCompile Include="Engine\Objects\ObjectFactory.cpp" />
    <ClCompile Include="Engine\Objects\FileIndex.cpp" />
    <ClCompile Include="Engine\Input\SystemEvents.cpp" />
    <ClCompile Include="Engine\Core\Timer.cpp" />
    <ClCompile Include="Engine\Core\Window.cpp" />
    <ClCompile Include="Engine\Objects\Object.cpp" />
    <ClCompile Include="Engine\Game.cpp" />
    <ClCompile Include="Engine\General\Math.cpp" />
    <ClCompile Include="Engine\Input\Keyboard.cpp" />
    <ClCompile Include="Engine\Input\Mouse.cpp" />
    <ClCompile Include="Engine\Rendering\Camera.cpp" />
    <ClCompile Include="Engine\Rendering\ContentHandler.cpp" />
    <ClCompile Include="Engine\Rendering\ContentLoadFunctions.cpp" />
    <ClCompile Include="Engine\Rendering\ContentTypes.cpp" />
    <ClCompile Include="Engine\Rendering\IRenderer.cpp" />
    <ClCompile Include="Engine\Rendering\RenderScene.cpp" />
    <ClCompile Include="Engine\Rendering\Sprite.cpp" />
    <ClCompile Include="Engine\Battle\BTEnemy.cpp" />
    <ClCompile Include="Engine\Battle\BattleLevel.cpp" />
    <ClCompile Include="Engine\Physics\Colliders.cpp" />
    <ClCompile Include="Engine\Physics\ColType.cpp" />
    <ClCompile Include="Engine\Physics\CircleCollider.cpp" />
    <ClCompile Include="Engine\Physics\ColliderComponent.cpp" />
  </ItemGroup>
  <ItemGroup>
    <ClInclude Include="Engine\Battle\BTEnemy.hpp" />
    <ClInclude Include="Engine\Battle\BTPlayer.h" />
    <ClInclude Include="Engine\Battle\BattleManager.hpp" />
    <ClInclude Include="Engine\Input\Button.hpp" />
    <ClInclude Include="Engine\Common.hpp" />
    <ClInclude Include="Engine\Core\Debugger.hpp" />
    <ClInclude Include="Engine\Core\Level.hpp" />
    <ClInclude Include="Engine\Core\LevelManager.hpp" />
    <ClInclude Include="Engine\Objects\Component.hpp" />
    <ClInclude Include="Engine\Objects\ObjectFactory.hpp" />
    <ClInclude Include="Engine\Objects\JsonToObjectLoader.hpp" />
    <ClInclude Include="Engine\Objects\FileIndex.hpp" />
    <ClInclude Include="Engine\Input\SystemEvents.hpp" />
    <ClInclude Include="Engine\Core\Timer.hpp" />
    <ClInclude Include="Engine\Core\Window.hpp" />
    <ClInclude Include="Engine\Objects\Object.hpp" />
    <ClInclude Include="Engine\Game.hpp" />
    <ClInclude Include="Engine\General\Macros.hpp" />
    <ClInclude Include="Engine\General\Types.hpp" />
    <ClInclude Include="Engine\General\Math.hpp" />
    <ClInclude Include="Engine\Input\Keyboard.hpp" />
    <ClInclude Include="Engine\Input\Mouse.hpp" />
    <ClInclude Include="Engine\General\Serialization.hpp" />
    <ClInclude Include="Engine\Physics\Colliders.hpp" />
    <ClInclude Include="Engine\Physics\PhysicsScene.hpp" />
    <ClInclude Include="Engine\Rendering\Camera.hpp" />
    <ClInclude Include="Engine\Rendering\ContentHandler.hpp" />
    <ClInclude Include="Engine\Rendering\ContentLoadFunctions.hpp" />
    <ClInclude Include="Engine\Rendering\ContentTypes.hpp" />
    <ClInclude Include="Engine\Rendering\IRenderer.hpp" />
    <ClInclude Include="Engine\Rendering\Rect.hpp" />
    <ClInclude Include="Engine\Rendering\RenderScene.hpp" />
    <ClInclude Include="Engine\Rendering\Sprite.hpp" />
    <ClInclude Include="Engine\Battle\BattleLevel.hpp" />
    <ClInclude Include="Engine\Physics\ColType.hpp" />
    <ClInclude Include="Engine\Physics\CircleCollider.hpp" />
    <ClInclude Include="Engine\Physics\ColliderComponent.hpp" />
  </ItemGroup>
  <ItemGroup>
    <ClCompile Include="Engine\Core\Debugger.cpp">
      <Filter>Source Files</Filter>
    </ClCompile>
    <ClCompile Include="Engine\General\Math.cpp">
      <Filter>Source Files</Filter>
    </ClCompile>
    <ClCompile Include="Engine\Core\Window.cpp">
      <Filter>Source Files</Filter>
    </ClCompile>
    <ClCompile Include="Engine\Core\Timer.cpp">
      <Filter>Source Files</Filter>
    </ClCompile>
    <ClCompile Include="Engine\Game.cpp">
      <Filter>Source Files</Filter>
    </ClCompile>
    <ClCompile Include="Engine\Core\LevelManager.cpp">
      <Filter>Source Files</Filter>
    </ClCompile>
    <ClCompile Include="Engine\Objects\Object.cpp">
      <Filter>Source Files</Filter>
    </ClCompile>
    <ClCompile Include="Engine\Objects\ObjectFactory.cpp">
      <Filter>Source Files</Filter>
    </ClCompile>
    <ClCompile Include="Engine\Objects\Component.cpp">
      <Filter>Source Files</Filter>
    </ClCompile>
    <ClCompile Include="Engine\Objects\FileIndex.cpp">
      <Filter>Source Files</Filter>
    </ClCompile>
    <ClCompile Include="Engine\Input\Keyboard.cpp">
      <Filter>Source Files</Filter>
    </ClCompile>
    <ClCompile Include="Engine\Input\Mouse.cpp">
      <Filter>Source Files</Filter>
    </ClCompile>
    <ClCompile Include="Engine\Input\SystemEvents.cpp">
      <Filter>Source Files</Filter>
    </ClCompile>
    <ClCompile Include="Engine\Rendering\ContentTypes.cpp">
      <Filter>Source Files</Filter>
    </ClCompile>
    <ClCompile Include="Engine\Rendering\ContentHandler.cpp">
      <Filter>Source Files</Filter>
    </ClCompile>
    <ClCompile Include="Engine\Rendering\ContentLoadFunctions.cpp">
      <Filter>Source Files</Filter>
    </ClCompile>
    <ClCompile Include="Engine\Rendering\RenderScene.cpp">
      <Filter>Source Files</Filter>
    </ClCompile>
    <ClCompile Include="Engine\Rendering\Sprite.cpp">
      <Filter>Source Files</Filter>
    </ClCompile>
    <ClCompile Include="Engine\Rendering\Camera.cpp">
      <Filter>Source Files</Filter>
    </ClCompile>
    <ClCompile Include="Engine\Battle\BattleManager.cpp">
      <Filter>Source Files</Filter>
    </ClCompile>
    <ClCompile Include="Engine\Rendering\IRenderer.cpp">
      <Filter>Source Files</Filter>
    </ClCompile>
    <ClCompile Include="Engine\Battle\BTPlayer.cpp">
      <Filter>Source Files</Filter>
    </ClCompile>
    <ClCompile Include="Engine\Core\Level.cpp">
      <Filter>Source Files</Filter>
    </ClCompile>
  </ItemGroup>
</Project>