<?xml version="1.0" encoding="utf-8"?>
<Project ToolsVersion="4.0" xmlns="http://schemas.microsoft.com/developer/msbuild/2003">
  <ItemGroup>
    <Filter Include="Source Files">
      <UniqueIdentifier>{4FC737F1-C7A5-4376-A066-2A32D752A2FF}</UniqueIdentifier>
      <Extensions>cpp;c;cc;cxx;c++;cppm;ixx;def;odl;idl;hpj;bat;asm;asmx</Extensions>
    </Filter>
    <Filter Include="Header Files">
      <UniqueIdentifier>{93995380-89BD-4b04-88EB-625FBE52EBFB}</UniqueIdentifier>
      <Extensions>h;hh;hpp;hxx;h++;hm;inl;inc;ipp;xsd</Extensions>
    </Filter>
    <Filter Include="Resource Files">
      <UniqueIdentifier>{67DA6AB6-F800-4c08-8B7A-83BB121AAD01}</UniqueIdentifier>
      <Extensions>rc;ico;cur;bmp;dlg;rc2;rct;bin;rgs;gif;jpg;jpeg;jpe;resx;tiff;tif;png;wav;mfcribbon-ms</Extensions>
    </Filter>
  </ItemGroup>
  <ItemGroup>
    <ClInclude Include="ALC\General.hpp">
      <Filter>Header Files</Filter>
    </ClInclude>
    <ClInclude Include="ALC\SceneManager.hpp">
      <Filter>Header Files</Filter>
    </ClInclude>
    <ClInclude Include="ALC\Core\Debugger.hpp">
      <Filter>Header Files</Filter>
    </ClInclude>
    <ClInclude Include="ALC\Core\Timer.hpp">
      <Filter>Header Files</Filter>
    </ClInclude>
    <ClInclude Include="ALC\Core\Window.hpp">
      <Filter>Header Files</Filter>
    </ClInclude>
    <ClInclude Include="ALC\Core\Game.hpp">
      <Filter>Header Files</Filter>
    </ClInclude>
    <ClInclude Include="ALC\Input\Button.hpp">
      <Filter>Header Files</Filter>
    </ClInclude>
    <ClInclude Include="ALC\Input\Keyboard.hpp">
      <Filter>Header Files</Filter>
    </ClInclude>
    <ClInclude Include="ALC\Input\Mouse.hpp">
      <Filter>Header Files</Filter>
    </ClInclude>
    <ClInclude Include="ALC\Entities\Registry.hpp">
      <Filter>Header Files</Filter>
    </ClInclude>
    <ClInclude Include="ALC\Entities\detail\RegistryDetail.hpp">
      <Filter>Header Files</Filter>
    </ClInclude>
    <ClInclude Include="ALC\Rendering\SpriteBatch.hpp">
      <Filter>Header Files</Filter>
    </ClInclude>
    <ClInclude Include="ALC\rect.hpp">
      <Filter>Header Files</Filter>
    </ClInclude>
    <ClInclude Include="ALC\Rendering\Camera.hpp">
      <Filter>Header Files</Filter>
    </ClInclude>
    <ClInclude Include="ALC\Content\ContentManager.hpp">
      <Filter>Header Files</Filter>
    </ClInclude>
    <ClInclude Include="ALC\Content\Texture.hpp">
      <Filter>Header Files</Filter>
    </ClInclude>
    <ClInclude Include="ALC\Content\Shader.hpp">
      <Filter>Header Files</Filter>
    </ClInclude>
    <ClInclude Include="ALC\Input\detail\SystemEvents.hpp">
      <Filter>Header Files</Filter>
    </ClInclude>
    <ClInclude Include="ALC\Content\detail\stb_image.h">
      <Filter>Header Files</Filter>
    </ClInclude>
    <ClInclude Include="ALC\Physics\Transform2D.hpp">
      <Filter>Header Files</Filter>
    </ClInclude>
    <ClInclude Include="ALC\Physics\Rigidbody2D.hpp">
      <Filter>Header Files</Filter>
    </ClInclude>
    <ClInclude Include="ALC\Entities\EntityCreationHandler.hpp">
      <Filter>Header Files</Filter>
    </ClInclude>
    <ClInclude Include="ALC\StateMachine.hpp">
      <Filter>Header Files</Filter>
    </ClInclude>
    <ClInclude Include="ALC\Layermask.hpp">
      <Filter>Header Files</Filter>
    </ClInclude>
    <ClInclude Include="ALC\Physics\Physics2DHandler.hpp">
      <Filter>Header Files</Filter>
    </ClInclude>
    <ClInclude Include="ALC\Physics\Collision2D.hpp">
      <Filter>Header Files</Filter>
    </ClInclude>
    <ClInclude Include="ALC\Bullets\BulletPhysics.hpp">
      <Filter>Header Files</Filter>
    </ClInclude>
    <ClInclude Include="ALC\Physics\CollisionInfo.hpp">
      <Filter>Header Files</Filter>
    </ClInclude>
    <ClInclude Include="ALC\Bullets\BulletPhysicsHandler.hpp">
      <Filter>Header Files</Filter>
    </ClInclude>
    <ClInclude Include="ALC\Entities\EntityID.hpp">
      <Filter>Header Files</Filter>
    </ClInclude>
    <ClInclude Include="ALC\Audio\AudioSystem.hpp">
      <Filter>Header Files</Filter>
    </ClInclude>
    <ClInclude Include="ALC\Content\Font.hpp">
      <Filter>Header Files</Filter>
    </ClInclude>
    <ClInclude Include="ALC\Bullets\ShooterBehavior.hpp">
      <Filter>Header Files</Filter>
    </ClInclude>
    <ClInclude Include="ALC\Rendering\UIBatch.hpp">
      <Filter>Header Files</Filter>
    </ClInclude>
    <ClInclude Include="ALC\Rendering\detail\SpriteShaderSource.hpp">
      <Filter>Header Files</Filter>
    </ClInclude>
    <ClInclude Include="ALC\Entities.hpp">
      <Filter>Header Files</Filter>
    </ClInclude>
    <ClInclude Include="ALC\Input.hpp">
      <Filter>Header Files</Filter>
    </ClInclude>
    <ClInclude Include="ALC\Content.hpp">
      <Filter>Header Files</Filter>
    </ClInclude>
    <ClInclude Include="ALC\Rendering.hpp">
      <Filter>Header Files</Filter>
    </ClInclude>
    <ClInclude Include="ALC\Bullets.hpp">
      <Filter>Header Files</Filter>
    </ClInclude>
    <ClInclude Include="ALC\Content\Sound\SoundSystem.hpp">
      <Filter>Header Files</Filter>
    </ClInclude>
    <ClInclude Include="ALC\2D\Tilemap.hpp">
      <Filter>Header Files</Filter>
    </ClInclude>
    <ClInclude Include="ALC\Tools\TilemapEditorScene.hpp">
      <Filter>Header Files</Filter>
    </ClInclude>
  </ItemGroup>
  <ItemGroup>
    <ClCompile Include="ALC\SceneManager.cpp">
      <Filter>Source Files</Filter>
    </ClCompile>
    <ClCompile Include="ALC\Core\Game.cpp">
      <Filter>Source Files</Filter>
    </ClCompile>
    <ClCompile Include="ALC\Core\Debugger.cpp">
      <Filter>Source Files</Filter>
    </ClCompile>
    <ClCompile Include="ALC\Core\Timer.cpp">
      <Filter>Source Files</Filter>
    </ClCompile>
    <ClCompile Include="ALC\Core\Window.cpp">
      <Filter>Source Files</Filter>
    </ClCompile>
    <ClCompile Include="ALC\Input\Keyboard.cpp">
      <Filter>Source Files</Filter>
    </ClCompile>
    <ClCompile Include="ALC\Input\Mouse.cpp">
      <Filter>Source Files</Filter>
    </ClCompile>
    <ClCompile Include="ALC\Content\Texture.cpp">
      <Filter>Source Files</Filter>
    </ClCompile>
    <ClCompile Include="ALC\Content\ContentManager.cpp">
      <Filter>Source Files</Filter>
    </ClCompile>
    <ClCompile Include="ALC\Rendering\SpriteBatch.cpp">
      <Filter>Source Files</Filter>
    </ClCompile>
    <ClCompile Include="ALC\Content\Shader.cpp">
      <Filter>Source Files</Filter>
    </ClCompile>
    <ClCompile Include="ALC\Input\detail\SystemEvents.cpp">
      <Filter>Source Files</Filter>
    </ClCompile>
    <ClCompile Include="ALC\Rendering\Camera.cpp">
      <Filter>Source Files</Filter>
    </ClCompile>
    <ClCompile Include="ALC\Entities\EntityCreationHandler.cpp">
      <Filter>Source Files</Filter>
    </ClCompile>
    <ClCompile Include="ALC\Physics\Physics2DHandler.cpp">
      <Filter>Source Files</Filter>
    </ClCompile>
    <ClCompile Include="ALC\Physics\Collision2D.cpp">
      <Filter>Source Files</Filter>
    </ClCompile>
    <ClCompile Include="ALC\Bullets\BulletPhysicsHandler.cpp">
      <Filter>Source Files</Filter>
    </ClCompile>
    <ClCompile Include="ALC\Content\Font.cpp">
      <Filter>Source Files</Filter>
    </ClCompile>
    <ClCompile Include="ALC\Rendering\UIBatch.cpp">
      <Filter>Source Files</Filter>
    </ClCompile>
    <ClCompile Include="ALC\Rendering\detail\SpriteShaderSource.cpp">
      <Filter>Source Files</Filter>
    </ClCompile>
    <ClCompile Include="ALC\Content\Sound\SoundSystem.cpp">
      <Filter>Source Files</Filter>
    </ClCompile>
    <ClCompile Include="ALC\Tools\TilemapEditorScene.cpp">
      <Filter>Source Files</Filter>
    </ClCompile>
    <ClCompile Include="ALC\2D\Tilemap.cpp">
      <Filter>Source Files</Filter>
    </ClCompile>
  </ItemGroup>
  <ItemGroup>
    <None Include="ALC\Entities\detail\Registry.inl">
      <Filter>Header Files</Filter>
    </None>
    <None Include="ALC\Entities\detail\EntityCreationHandler.inl">
      <Filter>Header Files</Filter>
    </None>
    <None Include="ALC\Bullets\detail\ShooterBehavior.inl">
      <Filter>Header Files</Filter>
    </None>
  </ItemGroup>
</Project>