<?xml version="1.0" encoding="utf-8"?>
<Project ToolsVersion="4.0" xmlns="http://schemas.microsoft.com/developer/msbuild/2003">
  <ItemGroup>
    <Filter Include="Source Files">
      <UniqueIdentifier>{4FC737F1-C7A5-4376-A066-2A32D752A2FF}</UniqueIdentifier>
      <Extensions>cpp;c;cc;cxx;c++;cppm;ixx;def;odl;idl;hpj;bat;asm;asmx</Extensions>
    </Filter>
    <Filter Include="Header Files">
      <UniqueIdentifier>{93995380-89BD-4b04-88EB-625FBE52EBFB}</UniqueIdentifier>
      <Extensions>h;hh;hpp;hxx;h++;hm;inl;inc;ipp;xsd</Extensions>
    </Filter>
    <Filter Include="Resource Files">
      <UniqueIdentifier>{67DA6AB6-F800-4c08-8B7A-83BB121AAD01}</UniqueIdentifier>
      <Extensions>rc;ico;cur;bmp;dlg;rc2;rct;bin;rgs;gif;jpg;jpeg;jpe;resx;tiff;tif;png;wav;mfcribbon-ms</Extensions>
    </Filter>
  </ItemGroup>
  <ItemGroup>
    <ClCompile Include="Main.cpp">
      <Filter>Source Files</Filter>
    </ClCompile>
    <ClCompile Include="Game\AliceGame.cpp">
      <Filter>Source Files</Filter>
    </ClCompile>
    <ClCompile Include="Game\Systems\BulletDeleterSystem.cpp">
      <Filter>Source Files</Filter>
    </ClCompile>
    <ClCompile Include="Game\Scenes\BattleLevel.cpp">
      <Filter>Source Files</Filter>
    </ClCompile>
    <ClCompile Include="Game\BattleManager.cpp">
      <Filter>Source Files</Filter>
    </ClCompile>
    <ClCompile Include="Game\Characters\Character.cpp">
      <Filter>Source Files</Filter>
    </ClCompile>
    <ClCompile Include="Game\Characters\AliceChara.cpp">
      <Filter>Source Files</Filter>
    </ClCompile>
    <ClCompile Include="Game\DialogueHandler.cpp">
      <Filter>Source Files</Filter>
    </ClCompile>
    <ClCompile Include="Game\Enemies\Enemy.cpp">
      <Filter>Source Files</Filter>
    </ClCompile>
    <ClCompile Include="Game\Enemies\RuiEnemy.cpp">
      <Filter>Source Files</Filter>
    </ClCompile>
    <ClCompile Include="Game\Systems\Bullet Types\HomingBulletSystem.cpp">
      <Filter>Source Files</Filter>
    </ClCompile>
    <ClCompile Include="Game\Scenes\BattleLevels\Battle1.cpp">
      <Filter>Source Files</Filter>
    </ClCompile>
    <ClCompile Include="Game\BTA.cpp">
      <Filter>Source Files</Filter>
    </ClCompile>
    <ClCompile Include="Game\Scenes\BattleLevels\Battle2.cpp">
      <Filter>Source Files</Filter>
    </ClCompile>
    <ClCompile Include="Game\Characters\RuiChara.cpp">
      <Filter>Source Files</Filter>
    </ClCompile>
    <ClCompile Include="Game\Enemies\EdenEnemy.cpp">
      <Filter>Source Files</Filter>
    </ClCompile>
    <ClCompile Include="Game\Systems\MoveStates.cpp">
      <Filter>Source Files</Filter>
    </ClCompile>
    <ClCompile Include="Game\Systems\GravityBulletSystem.cpp">
      <Filter>Source Files</Filter>
    </ClCompile>
    <ClCompile Include="Game\Systems\CircleBombSystem.cpp">
      <Filter>Source Files</Filter>
    </ClCompile>
    <ClCompile Include="Game\Systems\ZigZagBulletSystem.cpp">
      <Filter>Source Files</Filter>
    </ClCompile>
  </ItemGroup>
  <ItemGroup>
    <ClInclude Include="Game\AliceGame.hpp">
      <Filter>Header Files</Filter>
    </ClInclude>
    <ClInclude Include="Game\Systems\BulletDeleterSystem.hpp">
      <Filter>Header Files</Filter>
    </ClInclude>
    <ClInclude Include="Game\Scenes\BattleLevel.hpp">
      <Filter>Header Files</Filter>
    </ClInclude>
    <ClInclude Include="Game\BattleManager.hpp">
      <Filter>Header Files</Filter>
    </ClInclude>
    <ClInclude Include="Game\Characters\Character.hpp">
      <Filter>Header Files</Filter>
    </ClInclude>
    <ClInclude Include="Game\Characters\AliceChara.hpp">
      <Filter>Header Files</Filter>
    </ClInclude>
    <ClInclude Include="Game\DialogueHandler.hpp">
      <Filter>Header Files</Filter>
    </ClInclude>
    <ClInclude Include="Game\Enemies\Enemy.hpp">
      <Filter>Header Files</Filter>
    </ClInclude>
    <ClInclude Include="Game\Enemies\RuiEnemy.hpp">
      <Filter>Header Files</Filter>
    </ClInclude>
    <ClInclude Include="Game\Systems\Bullet Types\HomingBulletSystem.hpp">
      <Filter>Header Files</Filter>
    </ClInclude>
    <ClInclude Include="Game\Scenes\BattleLevels\Battle1.hpp">
      <Filter>Header Files</Filter>
    </ClInclude>
    <ClInclude Include="Game\BTA.hpp">
      <Filter>Header Files</Filter>
    </ClInclude>
    <ClInclude Include="Game\Scenes\BattleLevels\Battle2.hpp">
      <Filter>Header Files</Filter>
    </ClInclude>
    <ClInclude Include="Game\Enemies\EdenEnemy.hpp">
      <Filter>Header Files</Filter>
    </ClInclude>
    <ClInclude Include="Game\Characters\RuiChara.hpp">
      <Filter>Header Files</Filter>
    </ClInclude>
    <ClInclude Include="Game\SpriteLayers.hpp">
      <Filter>Header Files</Filter>
    </ClInclude>
    <ClInclude Include="Game\Systems\MoveStates.hpp">
      <Filter>Header Files</Filter>
    </ClInclude>
    <ClInclude Include="Game\Systems\GravityBulletSystem.hpp">
      <Filter>Header Files</Filter>
    </ClInclude>
    <ClInclude Include="Game\Systems\CircleBombSystem.hpp">
      <Filter>Header Files</Filter>
    </ClInclude>
    <ClInclude Include="Game\Systems\ZigZagBulletSystem.hpp">
      <Filter>Header Files</Filter>
    </ClInclude>
  </ItemGroup>
  <ItemGroup>
    <None Include="Resources\Dialogues\TestDialogue.json" />
    <None Include="Resources\Tilemaps\Test0.json" />
    <None Include="Resources\Tilemaps\Test1.json" />
  </ItemGroup>
</Project>